
Microsoft Visual Studio Solution File, Format Version 12.00
# Visual Studio Version 17
VisualStudioVersion = 17.9.34701.34
MinimumVisualStudioVersion = 10.0.40219.1
Project("{9A19103F-16F7-4668-BE54-9A1E7A4F7556}") = "EduProfileAPI", "EduProfileAPI\EduProfileAPI.csproj", "{6405D05F-5652-426D-BADE-8AEC899D1EAE}"
EndProject
Global
	GlobalSection(SolutionConfigurationPlatforms) = preSolution
		Debug|Any CPU = Debug|Any CPU
		Release|Any CPU = Release|Any CPU
	EndGlobalSection
	GlobalSection(ProjectConfigurationPlatforms) = postSolution
		{6405D05F-5652-426D-BADE-8AEC899D1EAE}.Debug|Any CPU.ActiveCfg = Debug|Any CPU
		{6405D05F-5652-426D-BADE-8AEC899D1EAE}.Debug|Any CPU.Build.0 = Debug|Any CPU
		{6405D05F-5652-426D-BADE-8AEC899D1EAE}.Release|Any CPU.ActiveCfg = Release|Any CPU
		{6405D05F-5652-426D-BADE-8AEC899D1EAE}.Release|Any CPU.Build.0 = Release|Any CPU
	EndGlobalSection
	GlobalSection(SolutionProperties) = preSolution
		HideSolutionNode = FALSE
	EndGlobalSection
	GlobalSection(ExtensibilityGlobals) = postSolution
		SolutionGuid = {EE7FDEAD-44AD-44D2-AAB3-72B7A750EB30}
	EndGlobalSection
EndGlobal
